// !$*UTF8*$!
{
	archiveVersion = 1;
	classes = {
	};
	objectVersion = 50;
	objects = {

/* Begin PBXBuildFile section */
		49A041FD2373F4D70025AED9 /* AppDelegate.swift in Sources */ = {isa = PBXBuildFile; fileRef = 49A041FC2373F4D70025AED9 /* AppDelegate.swift */; };
		49A041FF2373F4D70025AED9 /* SceneDelegate.swift in Sources */ = {isa = PBXBuildFile; fileRef = 49A041FE2373F4D70025AED9 /* SceneDelegate.swift */; };
		49A042012373F4D70025AED9 /* ViewController.swift in Sources */ = {isa = PBXBuildFile; fileRef = 49A042002373F4D70025AED9 /* ViewController.swift */; };
		49A042042373F4D70025AED9 /* Main.storyboard in Resources */ = {isa = PBXBuildFile; fileRef = 49A042022373F4D70025AED9 /* Main.storyboard */; };
		49A042062373F4D80025AED9 /* Assets.xcassets in Resources */ = {isa = PBXBuildFile; fileRef = 49A042052373F4D80025AED9 /* Assets.xcassets */; };
		49A042092373F4D80025AED9 /* LaunchScreen.storyboard in Resources */ = {isa = PBXBuildFile; fileRef = 49A042072373F4D80025AED9 /* LaunchScreen.storyboard */; };
		49A042112373F9CC0025AED9 /* crayon_1-1.ttf in Resources */ = {isa = PBXBuildFile; fileRef = 49A042102373F9CC0025AED9 /* crayon_1-1.ttf */; };
		49A0421323740F190025AED9 /* PingFang.ttc in Resources */ = {isa = PBXBuildFile; fileRef = 49A0421223740F190025AED9 /* PingFang.ttc */; };
/* End PBXBuildFile section */

/* Begin PBXFileReference section */
		49A041F92373F4D70025AED9 /* 大衛·庫塔簡歷.app */ = {isa = PBXFileReference; explicitFileType = wrapper.application; includeInIndex = 0; path = "大衛·庫塔簡歷.app"; sourceTree = BUILT_PRODUCTS_DIR; };
		49A041FC2373F4D70025AED9 /* AppDelegate.swift */ = {isa = PBXFileReference; lastKnownFileType = sourcecode.swift; path = AppDelegate.swift; sourceTree = "<group>"; };
		49A041FE2373F4D70025AED9 /* SceneDelegate.swift */ = {isa = PBXFileReference; lastKnownFileType = sourcecode.swift; path = SceneDelegate.swift; sourceTree = "<group>"; };
		49A042002373F4D70025AED9 /* ViewController.swift */ = {isa = PBXFileReference; lastKnownFileType = sourcecode.swift; path = ViewController.swift; sourceTree = "<group>"; };
		49A042032373F4D70025AED9 /* Base */ = {isa = PBXFileReference; lastKnownFileType = file.storyboard; name = Base; path = Base.lproj/Main.storyboard; sourceTree = "<group>"; };
		49A042052373F4D80025AED9 /* Assets.xcassets */ = {isa = PBXFileReference; lastKnownFileType = folder.assetcatalog; path = Assets.xcassets; sourceTree = "<group>"; };
		49A042082373F4D80025AED9 /* Base */ = {isa = PBXFileReference; lastKnownFileType = file.storyboard; name = Base; path = Base.lproj/LaunchScreen.storyboard; sourceTree = "<group>"; };
		49A0420A2373F4D80025AED9 /* Info.plist */ = {isa = PBXFileReference; lastKnownFileType = text.plist.xml; path = Info.plist; sourceTree = "<group>"; };
		49A042102373F9CC0025AED9 /* crayon_1-1.ttf */ = {isa = PBXFileReference; lastKnownFileType = file; path = "crayon_1-1.ttf"; sourceTree = "<group>"; };
		49A0421223740F190025AED9 /* PingFang.ttc */ = {isa = PBXFileReference; lastKnownFileType = file; path = PingFang.ttc; sourceTree = "<group>"; };
/* End PBXFileReference section */

/* Begin PBXFrameworksBuildPhase section */
		49A041F62373F4D70025AED9 /* Frameworks */ = {
			isa = PBXFrameworksBuildPhase;
			buildActionMask = 2147483647;
			files = (
			);
			runOnlyForDeploymentPostprocessing = 0;
		};
/* End PBXFrameworksBuildPhase section */

/* Begin PBXGroup section */
		49A041F02373F4D70025AED9 = {
			isa = PBXGroup;
			children = (
				49A041FB2373F4D70025AED9 /* Homework1 */,
				49A041FA2373F4D70025AED9 /* Products */,
			);
			sourceTree = "<group>";
		};
		49A041FA2373F4D70025AED9 /* Products */ = {
			isa = PBXGroup;
			children = (
				49A041F92373F4D70025AED9 /* 大衛·庫塔簡歷.app */,
			);
			name = Products;
			sourceTree = "<group>";
		};
		49A041FB2373F4D70025AED9 /* Homework1 */ = {
			isa = PBXGroup;
			children = (
				49A041FC2373F4D70025AED9 /* AppDelegate.swift */,
				49A041FE2373F4D70025AED9 /* SceneDelegate.swift */,
				49A042002373F4D70025AED9 /* ViewController.swift */,
				49A042022373F4D70025AED9 /* Main.storyboard */,
				49A042052373F4D80025AED9 /* Assets.xcassets */,
				49A042072373F4D80025AED9 /* LaunchScreen.storyboard */,
				49A0420A2373F4D80025AED9 /* Info.plist */,
				49A042102373F9CC0025AED9 /* crayon_1-1.ttf */,
				49A0421223740F190025AED9 /* PingFang.ttc */,
			);
			path = Homework1;
			sourceTree = "<group>";
		};
/* End PBXGroup section */

/* Begin PBXNativeTarget section */
		49A041F82373F4D70025AED9 /* Homework1 */ = {
			isa = PBXNativeTarget;
			buildConfigurationList = 49A0420D2373F4D80025AED9 /* Build configuration list for PBXNativeTarget "Homework1" */;
			buildPhases = (
				49A041F52373F4D70025AED9 /* Sources */,
				49A041F62373F4D70025AED9 /* Frameworks */,
				49A041F72373F4D70025AED9 /* Resources */,
			);
			buildRules = (
			);
			dependencies = (
			);
			name = Homework1;
			productName = Homework1;
			productReference = 49A041F92373F4D70025AED9 /* 大衛·庫塔簡歷.app */;
			productType = "com.apple.product-type.application";
		};
/* End PBXNativeTarget section */

/* Begin PBXProject section */
		49A041F12373F4D70025AED9 /* Project object */ = {
			isa = PBXProject;
			attributes = {
				LastSwiftUpdateCheck = 1110;
				LastUpgradeCheck = 1110;
				ORGANIZATIONNAME = "Chi Hung Liu";
				TargetAttributes = {
					49A041F82373F4D70025AED9 = {
						CreatedOnToolsVersion = 11.1;
					};
				};
			};
			buildConfigurationList = 49A041F42373F4D70025AED9 /* Build configuration list for PBXProject "Homework1" */;
			compatibilityVersion = "Xcode 9.3";
			developmentRegion = en;
			hasScannedForEncodings = 0;
			knownRegions = (
				en,
				Base,
			);
			mainGroup = 49A041F02373F4D70025AED9;
			productRefGroup = 49A041FA2373F4D70025AED9 /* Products */;
			projectDirPath = "";
			projectRoot = "";
			targets = (
				49A041F82373F4D70025AED9 /* Homework1 */,
			);
		};
/* End PBXProject section */

/* Begin PBXResourcesBuildPhase section */
		49A041F72373F4D70025AED9 /* Resources */ = {
			isa = PBXResourcesBuildPhase;
			buildActionMask = 2147483647;
			files = (
				49A042112373F9CC0025AED9 /* crayon_1-1.ttf in Resources */,
				49A0421323740F190025AED9 /* PingFang.ttc in Resources */,
				49A042092373F4D80025AED9 /* LaunchScreen.storyboard in Resources */,
				49A042062373F4D80025AED9 /* Assets.xcassets in Resources */,
				49A042042373F4D70025AED9 /* Main.storyboard in Resources */,
			);
			runOnlyForDeploymentPostprocessing = 0;
		};
/* End PBXResourcesBuildPhase section */

/* Begin PBXSourcesBuildPhase section */
		49A041F52373F4D70025AED9 /* Sources */ = {
			isa = PBXSourcesBuildPhase;
			buildActionMask = 2147483647;
			files = (
				49A042012373F4D70025AED9 /* ViewController.swift in Sources */,
				49A041FD2373F4D70025AED9 /* AppDelegate.swift in Sources */,
				49A041FF2373F4D70025AED9 /* SceneDelegate.swift in Sources */,
			);
			runOnlyForDeploymentPostprocessing = 0;
		};
/* End PBXSourcesBuildPhase section */

/* Begin PBXVariantGroup section */
		49A042022373F4D70025AED9 /* Main.storyboard */ = {
			isa = PBXVariantGroup;
			children = (
				49A042032373F4D70025AED9 /* Base */,
			);
			name = Main.storyboard;
			sourceTree = "<group>";
		};
		49A042072373F4D80025AED9 /* LaunchScreen.storyboard */ = {
			isa = PBXVariantGroup;
			children = (
				49A042082373F4D80025AED9 /* Base */,
			);
			name = LaunchScreen.storyboard;
			sourceTree = "<group>";
		};
/* End PBXVariantGroup section */

/* Begin XCBuildConfiguration section */
		49A0420B2373F4D80025AED9 /* Debug */ = {
			isa = XCBuildConfiguration;
			buildSettings = {
				ALWAYS_SEARCH_USER_PATHS = NO;
				CLANG_ANALYZER_NONNULL = YES;
				CLANG_ANALYZER_NUMBER_OBJECT_CONVERSION = YES_AGGRESSIVE;
				CLANG_CXX_LANGUAGE_STANDARD = "gnu++14";
				CLANG_CXX_LIBRARY = "libc++";
				CLANG_ENABLE_MODULES = YES;
				CLANG_ENABLE_OBJC_ARC = YES;
				CLANG_ENABLE_OBJC_WEAK = YES;
				CLANG_WARN_BLOCK_CAPTURE_AUTORELEASING = YES;
				CLANG_WARN_BOOL_CONVERSION = YES;
				CLANG_WARN_COMMA = YES;
				CLANG_WARN_CONSTANT_CONVERSION = YES;
				CLANG_WARN_DEPRECATED_OBJC_IMPLEMENTATIONS = YES;
				CLANG_WARN_DIRECT_OBJC_ISA_USAGE = YES_ERROR;
				CLANG_WARN_DOCUMENTATION_COMMENTS = YES;
				CLANG_WARN_EMPTY_BODY = YES;
				CLANG_WARN_ENUM_CONVERSION = YES;
				CLANG_WARN_INFINITE_RECURSION = YES;
				CLANG_WARN_INT_CONVERSION = YES;
				CLANG_WARN_NON_LITERAL_NULL_CONVERSION = YES;
				CLANG_WARN_OBJC_IMPLICIT_RETAIN_SELF = YES;
				CLANG_WARN_OBJC_LITERAL_CONVERSION = YES;
				CLANG_WARN_OBJC_ROOT_CLASS = YES_ERROR;
				CLANG_WARN_RANGE_LOOP_ANALYSIS = YES;
				CLANG_WARN_STRICT_PROTOTYPES = YES;
				CLANG_WARN_SUSPICIOUS_MOVE = YES;
				CLANG_WARN_UNGUARDED_AVAILABILITY = YES_AGGRESSIVE;
				CLANG_WARN_UNREACHABLE_CODE = YES;
				CLANG_WARN__DUPLICATE_METHOD_MATCH = YES;
				COPY_PHASE_STRIP = NO;
				DEBUG_INFORMATION_FORMAT = dwarf;
				ENABLE_STRICT_OBJC_MSGSEND = YES;
				ENABLE_TESTABILITY = YES;
				GCC_C_LANGUAGE_STANDARD = gnu11;
				GCC_DYNAMIC_NO_PIC = NO;
				GCC_NO_COMMON_BLOCKS = YES;
				GCC_OPTIMIZATION_LEVEL = 0;
				GCC_PREPROCESSOR_DEFINITIONS = (
					"DEBUG=1",
					"$(inherited)",
				);
				GCC_WARN_64_TO_32_BIT_CONVERSION = YES;
				GCC_WARN_ABOUT_RETURN_TYPE = YES_ERROR;
				GCC_WARN_UNDECLARED_SELECTOR = YES;
				GCC_WARN_UNINITIALIZED_AUTOS = YES_AGGRESSIVE;
				GCC_WARN_UNUSED_FUNCTION = YES;
				GCC_WARN_UNUSED_VARIABLE = YES;
				IPHONEOS_DEPLOYMENT_TARGET = 13.1;
				MTL_ENABLE_DEBUG_INFO = INCLUDE_SOURCE;
				MTL_FAST_MATH = YES;
				ONLY_ACTIVE_ARCH = YES;
				SDKROOT = iphoneos;
				SWIFT_ACTIVE_COMPILATION_CONDITIONS = DEBUG;
				SWIFT_OPTIMIZATION_LEVEL = "-Onone";
			};
			name = Debug;
		};
		49A0420C2373F4D80025AED9 /* Release */ = {
			isa = XCBuildConfiguration;
			buildSettings = {
				ALWAYS_SEARCH_USER_PATHS = NO;
				CLANG_ANALYZER_NONNULL = YES;
				CLANG_ANALYZER_NUMBER_OBJECT_CONVERSION = YES_AGGRESSIVE;
				CLANG_CXX_LANGUAGE_STANDARD = "gnu++14";
				CLANG_CXX_LIBRARY = "libc++";
				CLANG_ENABLE_MODULES = YES;
				CLANG_ENABLE_OBJC_ARC = YES;
				CLANG_ENABLE_OBJC_WEAK = YES;
				CLANG_WARN_BLOCK_CAPTURE_AUTORELEASING = YES;
				CLANG_WARN_BOOL_CONVERSION = YES;
				CLANG_WARN_COMMA = YES;
				CLANG_WARN_CONSTANT_CONVERSION = YES;
				CLANG_WARN_DEPRECATED_OBJC_IMPLEMENTATIONS = YES;
				CLANG_WARN_DIRECT_OBJC_ISA_USAGE = YES_ERROR;
				CLANG_WARN_DOCUMENTATION_COMMENTS = YES;
				CLANG_WARN_EMPTY_BODY = YES;
				CLANG_WARN_ENUM_CONVERSION = YES;
				CLANG_WARN_INFINITE_RECURSION = YES;
				CLANG_WARN_INT_CONVERSION = YES;
				CLANG_WARN_NON_LITERAL_NULL_CONVERSION = YES;
				CLANG_WARN_OBJC_IMPLICIT_RETAIN_SELF = YES;
				CLANG_WARN_OBJC_LITERAL_CONVERSION = YES;
				CLANG_WARN_OBJC_ROOT_CLASS = YES_ERROR;
				CLANG_WARN_RANGE_LOOP_ANALYSIS = YES;
				CLANG_WARN_STRICT_PROTOTYPES = YES;
				CLANG_WARN_SUSPICIOUS_MOVE = YES;
				CLANG_WARN_UNGUARDED_AVAILABILITY = YES_AGGRESSIVE;
				CLANG_WARN_UNREACHABLE_CODE = YES;
				CLANG_WARN__DUPLICATE_METHOD_MATCH = YES;
				COPY_PHASE_STRIP = NO;
				DEBUG_INFORMATION_FORMAT = "dwarf-with-dsym";
				ENABLE_NS_ASSERTIONS = NO;
				ENABLE_STRICT_OBJC_MSGSEND = YES;
				GCC_C_LANGUAGE_STANDARD = gnu11;
				GCC_NO_COMMON_BLOCKS = YES;
				GCC_WARN_64_TO_32_BIT_CONVERSION = YES;
				GCC_WARN_ABOUT_RETURN_TYPE = YES_ERROR;
				GCC_WARN_UNDECLARED_SELECTOR = YES;
				GCC_WARN_UNINITIALIZED_AUTOS = YES_AGGRESSIVE;
				GCC_WARN_UNUSED_FUNCTION = YES;
				GCC_WARN_UNUSED_VARIABLE = YES;
				IPHONEOS_DEPLOYMENT_TARGET = 13.1;
				MTL_ENABLE_DEBUG_INFO = NO;
				MTL_FAST_MATH = YES;
				SDKROOT = iphoneos;
				SWIFT_COMPILATION_MODE = wholemodule;
				SWIFT_OPTIMIZATION_LEVEL = "-O";
				VALIDATE_PRODUCT = YES;
			};
			name = Release;
		};
		49A0420E2373F4D80025AED9 /* Debug */ = {
			isa = XCBuildConfiguration;
			buildSettings = {
				ASSETCATALOG_COMPILER_APPICON_NAME = AppIcon;
				CODE_SIGN_STYLE = Automatic;
				DEVELOPMENT_TEAM = 69F2LMJ5JX;
				INFOPLIST_FILE = Homework1/Info.plist;
				LD_RUNPATH_SEARCH_PATHS = (
					"$(inherited)",
					"@executable_path/Frameworks",
				);
				PRODUCT_BUNDLE_IDENTIFIER = com.EricLiu.example.Homework1;
				PRODUCT_NAME = "大衛·庫塔簡歷";
				SWIFT_VERSION = 5.0;
				TARGETED_DEVICE_FAMILY = "1,2";
			};
			name = Debug;
		};
		49A0420F2373F4D80025AED9 /* Release */ = {
			isa = XCBuildConfiguration;
			buildSettings = {
				ASSETCATALOG_COMPILER_APPICON_NAME = AppIcon;
				CODE_SIGN_STYLE = Automatic;
				DEVELOPMENT_TEAM = 69F2LMJ5JX;
				INFOPLIST_FILE = Homework1/Info.plist;
				LD_RUNPATH_SEARCH_PATHS = (
					"$(inherited)",
					"@executable_path/Frameworks",
				);
				PRODUCT_BUNDLE_IDENTIFIER = com.EricLiu.example.Homework1;
				PRODUCT_NAME = "大衛·庫塔簡歷";
				SWIFT_VERSION = 5.0;
				TARGETED_DEVICE_FAMILY = "1,2";
			};
			name = Release;
		};
/* End XCBuildConfiguration section */

/* Begin XCConfigurationList section */
		49A041F42373F4D70025AED9 /* Build configuration list for PBXProject "Homework1" */ = {
			isa = XCConfigurationList;
			buildConfigurations = (
				49A0420B2373F4D80025AED9 /* Debug */,
				49A0420C2373F4D80025AED9 /* Release */,
			);
			defaultConfigurationIsVisible = 0;
			defaultConfigurationName = Release;
		};
		49A0420D2373F4D80025AED9 /* Build configuration list for PBXNativeTarget "Homework1" */ = {
			isa = XCConfigurationList;
			buildConfigurations = (
				49A0420E2373F4D80025AED9 /* Debug */,
				49A0420F2373F4D80025AED9 /* Release */,
			);
			defaultConfigurationIsVisible = 0;
			defaultConfigurationName = Release;
		};
/* End XCConfigurationList section */
	};
	rootObject = 49A041F12373F4D70025AED9 /* Project object */;
}
